
Microsoft Visual Studio Solution File, Format Version 12.00
# Visual Studio Version 17
VisualStudioVersion = 17.1.32210.238
MinimumVisualStudioVersion = 10.0.40219.1
Project("{FAE04EC0-301F-11D3-BF4B-00C04F79EFBC}") = "ChessCore", "ChessCore\ChessCore.csproj", "{EEBE6063-F6C8-46B2-960B-5DDD14DBFBE4}"
EndProject
Global
	GlobalSection(SolutionConfigurationPlatforms) = preSolution
		Debug|Any CPU = Debug|Any CPU
		Release|Any CPU = Release|Any CPU
	EndGlobalSection
	GlobalSection(ProjectConfigurationPlatforms) = postSolution
		{EEBE6063-F6C8-46B2-960B-5DDD14DBFBE4}.Debug|Any CPU.ActiveCfg = Debug|Any CPU
		{EEBE6063-F6C8-46B2-960B-5DDD14DBFBE4}.Debug|Any CPU.Build.0 = Debug|Any CPU
		{EEBE6063-F6C8-46B2-960B-5DDD14DBFBE4}.Release|Any CPU.ActiveCfg = Release|Any CPU
		{EEBE6063-F6C8-46B2-960B-5DDD14DBFBE4}.Release|Any CPU.Build.0 = Release|Any CPU
	EndGlobalSection
	GlobalSection(SolutionProperties) = preSolution
		HideSolutionNode = FALSE
	EndGlobalSection
	GlobalSection(ExtensibilityGlobals) = postSolution
		SolutionGuid = {405C90FA-E3F4-498E-BC82-7B880B03C1F7}
	EndGlobalSection
EndGlobal
