
Microsoft Visual Studio Solution File, Format Version 12.00
# Visual Studio Version 17
VisualStudioVersion = 17.1.32210.238
MinimumVisualStudioVersion = 10.0.40219.1
Project("{9A19103F-16F7-4668-BE54-9A1E7A4F7556}") = "ChessConsole", "ChessConsole\ChessConsole.csproj", "{44711C55-F301-45B1-B60C-C6F412603491}"
EndProject
Project("{9A19103F-16F7-4668-BE54-9A1E7A4F7556}") = "ChessCore", "ChessCore\ChessCore\ChessCore.csproj", "{8A18440A-290F-4C98-A911-48BC7E980DF4}"
EndProject
Global
	GlobalSection(SolutionConfigurationPlatforms) = preSolution
		Debug|Any CPU = Debug|Any CPU
		Release|Any CPU = Release|Any CPU
	EndGlobalSection
	GlobalSection(ProjectConfigurationPlatforms) = postSolution
		{44711C55-F301-45B1-B60C-C6F412603491}.Debug|Any CPU.ActiveCfg = Debug|Any CPU
		{44711C55-F301-45B1-B60C-C6F412603491}.Debug|Any CPU.Build.0 = Debug|Any CPU
		{44711C55-F301-45B1-B60C-C6F412603491}.Release|Any CPU.ActiveCfg = Release|Any CPU
		{44711C55-F301-45B1-B60C-C6F412603491}.Release|Any CPU.Build.0 = Release|Any CPU
		{8A18440A-290F-4C98-A911-48BC7E980DF4}.Debug|Any CPU.ActiveCfg = Debug|Any CPU
		{8A18440A-290F-4C98-A911-48BC7E980DF4}.Debug|Any CPU.Build.0 = Debug|Any CPU
		{8A18440A-290F-4C98-A911-48BC7E980DF4}.Release|Any CPU.ActiveCfg = Release|Any CPU
		{8A18440A-290F-4C98-A911-48BC7E980DF4}.Release|Any CPU.Build.0 = Release|Any CPU
	EndGlobalSection
	GlobalSection(SolutionProperties) = preSolution
		HideSolutionNode = FALSE
	EndGlobalSection
	GlobalSection(ExtensibilityGlobals) = postSolution
		SolutionGuid = {5B319996-FDDA-4F9B-8905-486F0D37146F}
	EndGlobalSection
EndGlobal
